
Microsoft Visual Studio Solution File, Format Version 12.00
# Visual Studio 2013
VisualStudioVersion = 12.0.31101.0
MinimumVisualStudioVersion = 10.0.40219.1
Project("{FAE04EC0-301F-11D3-BF4B-00C04F79EFBC}") = "HRManage", "HRManage\HRManage.csproj", "{D1185136-8773-42FA-B053-4E49D820C0E9}"
EndProject
Project("{FAE04EC0-301F-11D3-BF4B-00C04F79EFBC}") = "Model", "Model\Model.csproj", "{09F154D7-A262-46C7-9AF0-11460E34DEB6}"
EndProject
Project("{FAE04EC0-301F-11D3-BF4B-00C04F79EFBC}") = "BLL", "BLL\BLL.csproj", "{42E48240-9B70-4069-832A-1E3D7C93781E}"
EndProject
Project("{FAE04EC0-301F-11D3-BF4B-00C04F79EFBC}") = "DAL", "DAL\DAL.csproj", "{6E0A0BFE-9F4E-43FD-8CC9-6CB755485CF7}"
EndProject
Global
	GlobalSection(SolutionConfigurationPlatforms) = preSolution
		Debug|Any CPU = Debug|Any CPU
		Release|Any CPU = Release|Any CPU
	EndGlobalSection
	GlobalSection(ProjectConfigurationPlatforms) = postSolution
		{D1185136-8773-42FA-B053-4E49D820C0E9}.Debug|Any CPU.ActiveCfg = Debug|Any CPU
		{D1185136-8773-42FA-B053-4E49D820C0E9}.Debug|Any CPU.Build.0 = Debug|Any CPU
		{D1185136-8773-42FA-B053-4E49D820C0E9}.Release|Any CPU.ActiveCfg = Release|Any CPU
		{D1185136-8773-42FA-B053-4E49D820C0E9}.Release|Any CPU.Build.0 = Release|Any CPU
		{09F154D7-A262-46C7-9AF0-11460E34DEB6}.Debug|Any CPU.ActiveCfg = Debug|Any CPU
		{09F154D7-A262-46C7-9AF0-11460E34DEB6}.Debug|Any CPU.Build.0 = Debug|Any CPU
		{09F154D7-A262-46C7-9AF0-11460E34DEB6}.Release|Any CPU.ActiveCfg = Release|Any CPU
		{09F154D7-A262-46C7-9AF0-11460E34DEB6}.Release|Any CPU.Build.0 = Release|Any CPU
		{42E48240-9B70-4069-832A-1E3D7C93781E}.Debug|Any CPU.ActiveCfg = Debug|Any CPU
		{42E48240-9B70-4069-832A-1E3D7C93781E}.Debug|Any CPU.Build.0 = Debug|Any CPU
		{42E48240-9B70-4069-832A-1E3D7C93781E}.Release|Any CPU.ActiveCfg = Release|Any CPU
		{42E48240-9B70-4069-832A-1E3D7C93781E}.Release|Any CPU.Build.0 = Release|Any CPU
		{6E0A0BFE-9F4E-43FD-8CC9-6CB755485CF7}.Debug|Any CPU.ActiveCfg = Debug|Any CPU
		{6E0A0BFE-9F4E-43FD-8CC9-6CB755485CF7}.Debug|Any CPU.Build.0 = Debug|Any CPU
		{6E0A0BFE-9F4E-43FD-8CC9-6CB755485CF7}.Release|Any CPU.ActiveCfg = Release|Any CPU
		{6E0A0BFE-9F4E-43FD-8CC9-6CB755485CF7}.Release|Any CPU.Build.0 = Release|Any CPU
	EndGlobalSection
	GlobalSection(SolutionProperties) = preSolution
		HideSolutionNode = FALSE
	EndGlobalSection
EndGlobal
